
Microsoft Visual Studio Solution File, Format Version 12.00
# Visual Studio Version 16
VisualStudioVersion = 16.0.34031.81
MinimumVisualStudioVersion = 10.0.40219.1
Project("{FAE04EC0-301F-11D3-BF4B-00C04F79EFBC}") = "BaiTap01", "BaiTap01\BaiTap01.csproj", "{ED1A3340-C207-4EFC-8129-DAAF9080A2DB}"
EndProject
Project("{FAE04EC0-301F-11D3-BF4B-00C04F79EFBC}") = "BaiTap05", "BaiTap05\BaiTap05.csproj", "{936F5CF5-D8BF-4909-B548-27C5D98D28BA}"
EndProject
Project("{FAE04EC0-301F-11D3-BF4B-00C04F79EFBC}") = "BaiTap02", "BaiTap02\BaiTap02.csproj", "{CDB5DFB7-E29F-4520-9C7C-5EBD67C52F79}"
EndProject
Global
	GlobalSection(SolutionConfigurationPlatforms) = preSolution
		Debug|Any CPU = Debug|Any CPU
		Release|Any CPU = Release|Any CPU
	EndGlobalSection
	GlobalSection(ProjectConfigurationPlatforms) = postSolution
		{ED1A3340-C207-4EFC-8129-DAAF9080A2DB}.Debug|Any CPU.ActiveCfg = Debug|Any CPU
		{ED1A3340-C207-4EFC-8129-DAAF9080A2DB}.Debug|Any CPU.Build.0 = Debug|Any CPU
		{ED1A3340-C207-4EFC-8129-DAAF9080A2DB}.Release|Any CPU.ActiveCfg = Release|Any CPU
		{ED1A3340-C207-4EFC-8129-DAAF9080A2DB}.Release|Any CPU.Build.0 = Release|Any CPU
		{936F5CF5-D8BF-4909-B548-27C5D98D28BA}.Debug|Any CPU.ActiveCfg = Debug|Any CPU
		{936F5CF5-D8BF-4909-B548-27C5D98D28BA}.Debug|Any CPU.Build.0 = Debug|Any CPU
		{936F5CF5-D8BF-4909-B548-27C5D98D28BA}.Release|Any CPU.ActiveCfg = Release|Any CPU
		{936F5CF5-D8BF-4909-B548-27C5D98D28BA}.Release|Any CPU.Build.0 = Release|Any CPU
		{CDB5DFB7-E29F-4520-9C7C-5EBD67C52F79}.Debug|Any CPU.ActiveCfg = Debug|Any CPU
		{CDB5DFB7-E29F-4520-9C7C-5EBD67C52F79}.Debug|Any CPU.Build.0 = Debug|Any CPU
		{CDB5DFB7-E29F-4520-9C7C-5EBD67C52F79}.Release|Any CPU.ActiveCfg = Release|Any CPU
		{CDB5DFB7-E29F-4520-9C7C-5EBD67C52F79}.Release|Any CPU.Build.0 = Release|Any CPU
	EndGlobalSection
	GlobalSection(SolutionProperties) = preSolution
		HideSolutionNode = FALSE
	EndGlobalSection
	GlobalSection(ExtensibilityGlobals) = postSolution
		SolutionGuid = {14F6749D-CF55-4E71-95A3-295F3A209C4E}
	EndGlobalSection
EndGlobal
